
Microsoft Visual Studio Solution File, Format Version 12.00
# Visual Studio Version 17
VisualStudioVersion = 17.0.31903.59
MinimumVisualStudioVersion = 10.0.40219.1
Project("{FAE04EC0-301F-11D3-BF4B-00C04F79EFBC}") = "dotnetapp", "dotnetapp.csproj", "{38AEB4E9-3496-47F7-A8C7-98DC37549E3C}"
EndProject
Project("{FAE04EC0-301F-11D3-BF4B-00C04F79EFBC}") = "TestProject", "TestProject\TestProject.csproj", "{FE0E80BB-4DD3-4098-8F67-0C12BA40EA52}"
EndProject
Global
	GlobalSection(SolutionConfigurationPlatforms) = preSolution
		Debug|Any CPU = Debug|Any CPU
		Release|Any CPU = Release|Any CPU
	EndGlobalSection
	GlobalSection(SolutionProperties) = preSolution
		HideSolutionNode = FALSE
	EndGlobalSection
	GlobalSection(ProjectConfigurationPlatforms) = postSolution
		{38AEB4E9-3496-47F7-A8C7-98DC37549E3C}.Debug|Any CPU.ActiveCfg = Debug|Any CPU
		{38AEB4E9-3496-47F7-A8C7-98DC37549E3C}.Debug|Any CPU.Build.0 = Debug|Any CPU
		{38AEB4E9-3496-47F7-A8C7-98DC37549E3C}.Release|Any CPU.ActiveCfg = Release|Any CPU
		{38AEB4E9-3496-47F7-A8C7-98DC37549E3C}.Release|Any CPU.Build.0 = Release|Any CPU
		{FE0E80BB-4DD3-4098-8F67-0C12BA40EA52}.Debug|Any CPU.ActiveCfg = Debug|Any CPU
		{FE0E80BB-4DD3-4098-8F67-0C12BA40EA52}.Debug|Any CPU.Build.0 = Debug|Any CPU
		{FE0E80BB-4DD3-4098-8F67-0C12BA40EA52}.Release|Any CPU.ActiveCfg = Release|Any CPU
		{FE0E80BB-4DD3-4098-8F67-0C12BA40EA52}.Release|Any CPU.Build.0 = Release|Any CPU
	EndGlobalSection
EndGlobal
